// !$*UTF8*$!
{
	archiveVersion = 1;
	classes = {
	};
	objectVersion = 46;
	objects = {
/* Begin PBXBuildFile section */
		0207DA581B56EA530066E2B4 /* Images.xcassets in Resources */ = {isa = PBXBuildFile; fileRef = 0207DA571B56EA530066E2B4 /* Images.xcassets */; };
		1D3623260D0F684500981E51 /* AppDelegate.m in Sources */ = {isa = PBXBuildFile; fileRef = 1D3623250D0F684500981E51 /* AppDelegate.m */; };
		1D60589B0D05DD56006BFB54 /* main.m in Sources */ = {isa = PBXBuildFile; fileRef = 29B97316FDCFA39411CA2CEA /* main.m */; };
		301BF552109A68D80062928A /* libCordova.a in Frameworks */ = {isa = PBXBuildFile; fileRef = 301BF535109A57CC0062928A /* libCordova.a */; };
		302D95F114D2391D003F00A1 /* MainViewController.m in Sources */ = {isa = PBXBuildFile; fileRef = 302D95EF14D2391D003F00A1 /* MainViewController.m */; };
		302D95F214D2391D003F00A1 /* MainViewController.xib in Resources */ = {isa = PBXBuildFile; fileRef = 302D95F014D2391D003F00A1 /* MainViewController.xib */; };
		3047A5121AB8059700498E2A /* build-debug.xcconfig in Resources */ = {isa = PBXBuildFile; fileRef = 3047A50F1AB8059700498E2A /* build-debug.xcconfig */; };
		3047A5131AB8059700498E2A /* build-release.xcconfig in Resources */ = {isa = PBXBuildFile; fileRef = 3047A5101AB8059700498E2A /* build-release.xcconfig */; };
		3047A5141AB8059700498E2A /* build.xcconfig in Resources */ = {isa = PBXBuildFile; fileRef = 3047A5111AB8059700498E2A /* build.xcconfig */; };
		6AFF5BF91D6E424B00AB3073 /* CDVLaunchScreen.storyboard in Resources */ = {isa = PBXBuildFile; fileRef = 6AFF5BF81D6E424B00AB3073 /* CDVLaunchScreen.storyboard */; };
		76A55E5D92504956A3724E05 /* CDVDevice.m in Sources */ = {isa = PBXBuildFile; fileRef = BC1151A80BDB48169B27C060 /* CDVDevice.m */; };
		B578EFA9DB6F4102955968CF /* libz.tbd in Frameworks */ = {isa = PBXBuildFile; fileRef = 634D0E1D19B344DEBEDD1361 /* libz.tbd */; };
		BB93269006154261A6E7A751 /* APPBackgroundMode.m in Sources */ = {isa = PBXBuildFile; fileRef = 8B08820D25814DF39CEE65D6 /* APPBackgroundMode.m */; };
		A5B8F2DEE12B4F5689A8A860 /* APPMethodMagic.m in Sources */ = {isa = PBXBuildFile; fileRef = 0057D13792F8444ABBBFE12C /* APPMethodMagic.m */; };
		B89B6E4BFBDB40D6BED062D9 /* appbeep.wav in Resources */ = {isa = PBXBuildFile; fileRef = 10AD9D82577A4F7EA66380D3 /* appbeep.wav */; };
		A04475E7D4FB44CB8E942D62 /* UIImage+CropScaleOrientation.m in Sources */ = {isa = PBXBuildFile; fileRef = A1DD554A81274FEDB700C5EC /* UIImage+CropScaleOrientation.m */; };
		9A94D7D0CF62432AA60EC7A1 /* CDVCamera.m in Sources */ = {isa = PBXBuildFile; fileRef = 6CC0744F134A43D6BF0861C2 /* CDVCamera.m */; };
		9A50364BB3DD480E8C9B53BF /* CDVJpegHeaderWriter.m in Sources */ = {isa = PBXBuildFile; fileRef = D3341B7095034105994016AA /* CDVJpegHeaderWriter.m */; };
		5E5DECFC7D1B4959A23A1E82 /* ImageIO.framework in Frameworks */ = {isa = PBXBuildFile; fileRef = 5A63C1388BBA40D2B22E30E1 /* ImageIO.framework */; settings = {ATTRIBUTES = (Weak, ); }; };
		773E03D936884A649FF88727 /* CoreLocation.framework in Frameworks */ = {isa = PBXBuildFile; fileRef = 0F87DA2954824801B9D472BB /* CoreLocation.framework */; };
		692B5B0D94C2402C8E57E598 /* AVFoundation.framework in Frameworks */ = {isa = PBXBuildFile; fileRef = 0C7DEC2347D741AA80FF5786 /* AVFoundation.framework */; };
		70D7C4CBED1D4C9CB55C3E9E /* CDVSplashScreen.m in Sources */ = {isa = PBXBuildFile; fileRef = 12A1C7D1B26C4F0AB83FBC96 /* CDVSplashScreen.m */; };
		45BB7E4F06E1491D85D484D6 /* CDVViewController+SplashScreen.m in Sources */ = {isa = PBXBuildFile; fileRef = 741E40E446164769A0ED1492 /* CDVViewController+SplashScreen.m */; };
		C6AAD8164FFF42C78821F5BF /* CDVStatusBar.m in Sources */ = {isa = PBXBuildFile; fileRef = 6B31CB42CC484507B62D7D17 /* CDVStatusBar.m */; };
		EE0FF43F9D6C4E2EBE129878 /* SQLitePlugin.m in Sources */ = {isa = PBXBuildFile; fileRef = B6213FA7F5B54EF194B18E71 /* SQLitePlugin.m */; };
		C76E436E5FEC40168CD87B0F /* PSPDFThreadSafeMutableDictionary.m in Sources */ = {isa = PBXBuildFile; fileRef = FDA124FDE30F419792C120D3 /* PSPDFThreadSafeMutableDictionary.m */; settings = {COMPILER_FLAGS = "-w"; }; };
		5A9EA861559B43E49ECCADEE /* sqlite3.c in Resources */ = {isa = PBXBuildFile; fileRef = C54F0442ABC64C3BAB51330D /* sqlite3.c */; settings = {COMPILER_FLAGS = "-w -DSQLITE_THREADSAFE=1 -DSQLITE_DEFAULT_SYNCHRONOUS=3 -DSQLITE_DEFAULT_MEMSTATUS=0 -DSQLITE_OMIT_DECLTYPE -DSQLITE_OMIT_DEPRECATED -DSQLITE_OMIT_PROGRESS_CALLBACK -DSQLITE_OMIT_SHARED_CACHE -DSQLITE_TEMP_STORE=2 -DSQLITE_OMIT_LOAD_EXTENSION -DSQLITE_ENABLE_FTS3 -DSQLITE_ENABLE_FTS3_PARENTHESIS -DSQLITE_ENABLE_FTS4 -DSQLITE_ENABLE_RTREE -DSQLITE_DEFAULT_PAGE_SIZE=1024 -DSQLITE_DEFAULT_CACHE_SIZE=2000"; }; };
		A6EA5A1E4AAE4A898B1B3526 /* CDVBarcodeScanner.mm in Resources */ = {isa = PBXBuildFile; fileRef = DDC3EC124FAB4574B5097AA7 /* CDVBarcodeScanner.mm */; settings = {COMPILER_FLAGS = "-fno-objc-arc"; }; };
		8C764B61948B462BA239BD62 /* zxing-all-in-one.cpp in Resources */ = {isa = PBXBuildFile; fileRef = 3B5956F638C646A09A998E5F /* zxing-all-in-one.cpp */; };
		E9DD337C1A904C20B70FAF38 /* scannerOverlay.xib in Resources */ = {isa = PBXBuildFile; fileRef = A91521AE38B444CF8769FF15 /* scannerOverlay.xib */; };
		2E8BFA5D306F4A8CAD142C0E /* CDVBarcodeScanner.bundle in Resources */ = {isa = PBXBuildFile; fileRef = B20B69D158134BD2A6B3D81A /* CDVBarcodeScanner.bundle */; };
		8479413814A54C68B8FD258B /* libiconv.dylib in Frameworks */ = {isa = PBXBuildFile; fileRef = BE47502FB7394FAE94BE4A37 /* libiconv.dylib */; };
		1775C55DDC294FF2A778F925 /* CoreVideo.framework in Frameworks */ = {isa = PBXBuildFile; fileRef = 563F3BF4DEAA46638C98FAB7 /* CoreVideo.framework */; };
		1527568C61934AE788413D4A /* QuartzCore.framework in Frameworks */ = {isa = PBXBuildFile; fileRef = 8771F8E15AF14B7899CC457A /* QuartzCore.framework */; };
		4D418E99CEDD45B1908D1462 /* CoreImage.framework in Frameworks */ = {isa = PBXBuildFile; fileRef = B0F36915336F417CBE8CE9C6 /* CoreImage.framework */; };
		0FCD6FF1A8AB4B048E49B133 /* AudioToolbox.framework in Frameworks */ = {isa = PBXBuildFile; fileRef = A56D2C2D32E24990A748871C /* AudioToolbox.framework */; };
		75B4F55B038947DABDED865A /* IonicKeyboard.m in Sources */ = {isa = PBXBuildFile; fileRef = A0C668AD1B864C45AEC75EAD /* IonicKeyboard.m */; };
		6E2CDE3FAFDF48B89C868EEC /* alipay.m in Sources */ = {isa = PBXBuildFile; fileRef = B86A623740B748B59C5E246F /* alipay.m */; };
		0B110DADE78B4EAFBB3E919F /* AlipaySDK.bundle in Resources */ = {isa = PBXBuildFile; fileRef = 26651371651E4DD48B5E6CDB /* AlipaySDK.bundle */; };
		97831E0474B44BF1BCD6F390 /* CoreTelephony.framework in Frameworks */ = {isa = PBXBuildFile; fileRef = CED181CF2AB6467FA05591AE /* CoreTelephony.framework */; settings = {ATTRIBUTES = (Weak, ); }; };
		3CA4F3918C274169B47CFCEB /* SystemConfiguration.framework in Frameworks */ = {isa = PBXBuildFile; fileRef = 239FB544968A451398DAE12F /* SystemConfiguration.framework */; settings = {ATTRIBUTES = (Weak, ); }; };
		40D511E1A10F4C3F87E0CEA7 /* CoreMotion.framework in Frameworks */ = {isa = PBXBuildFile; fileRef = CD3045C7C864406D866AC3C2 /* CoreMotion.framework */; settings = {ATTRIBUTES = (Weak, ); }; };
		AB59B924B5CF41E9929970C6 /* CFNetwork.framework in Frameworks */ = {isa = PBXBuildFile; fileRef = A907CCD2837B4BFD9FF2DA0E /* CFNetwork.framework */; settings = {ATTRIBUTES = (Weak, ); }; };
		0B81B349163D4FE0BACF9229 /* libc++.tbd in Frameworks */ = {isa = PBXBuildFile; fileRef = 3E1F477C35D24878A9CA6D9E /* libc++.tbd */; settings = {ATTRIBUTES = (Weak, ); }; };
		FB6538280A214BE3948DE712 /* CoreText.framework in Frameworks */ = {isa = PBXBuildFile; fileRef = 809D20AC918747FAB34CC9C1 /* CoreText.framework */; settings = {ATTRIBUTES = (Weak, ); }; };
		A84404CE65D84FF59D8709C5 /* UIKit.framework in Frameworks */ = {isa = PBXBuildFile; fileRef = 2AD4D820321342998D89BBB4 /* UIKit.framework */; settings = {ATTRIBUTES = (Weak, ); }; };
		8D228C5EDF744C1A9CB79880 /* Foundation.framework in Frameworks */ = {isa = PBXBuildFile; fileRef = EE63DDC3993240EBBA00195D /* Foundation.framework */; settings = {ATTRIBUTES = (Weak, ); }; };
		997E9AEC10AA4B03BDD1761A /* AlipaySDK.framework in Frameworks */ = {isa = PBXBuildFile; fileRef = CAAE20F1F48F417F80EBB356 /* AlipaySDK.framework */; };
		9AC270D165C14A76B49448ED /* jcore-ios-1.1.6.a in Frameworks */ = {isa = PBXBuildFile; fileRef = E0514F6611C94955B40B90E2 /* jcore-ios-1.1.6.a */; };
		D4C17F34B70742D59309A1BD /* JPushPlugin.m in Sources */ = {isa = PBXBuildFile; fileRef = 08181C99BD024470AA9B17C9 /* JPushPlugin.m */; };
		57A3A661E4794E17B6ABF44F /* AppDelegate+JPush.m in Sources */ = {isa = PBXBuildFile; fileRef = AC046040850542C0B8046B19 /* AppDelegate+JPush.m */; };
		8326C75CD2FC4AD29F17D501 /* jpush-ios-3.0.7.a in Frameworks */ = {isa = PBXBuildFile; fileRef = 5E4D660075904F2CB502894B /* jpush-ios-3.0.7.a */; };
		3C274432284143FDAFCDA8FE /* JPushConfig.plist in Resources */ = {isa = PBXBuildFile; fileRef = 43EB84EBF1C64E708892DB2E /* JPushConfig.plist */; };
		D6AAADA4DDEA4DBBB72EF289 /* CoreFoundation.framework in Frameworks */ = {isa = PBXBuildFile; fileRef = 4DD80BE2600F4E99A7E414C2 /* CoreFoundation.framework */; settings = {ATTRIBUTES = (Weak, ); }; };
		30ABC1EF6203478D84694565 /* Security.framework in Frameworks */ = {isa = PBXBuildFile; fileRef = 64FDC2C2900243F4A70A3390 /* Security.framework */; settings = {ATTRIBUTES = (Weak, ); }; };
		670F90DE5B694CC78DA7F008 /* AdSupport.framework in Frameworks */ = {isa = PBXBuildFile; fileRef = 24B4DF3131AB4FF79B103A4F /* AdSupport.framework */; settings = {ATTRIBUTES = (Weak, ); }; };
		8163ED66BB384FC18D948298 /* UserNotifications.framework in Frameworks */ = {isa = PBXBuildFile; fileRef = 1B146B91975D480A8519354A /* UserNotifications.framework */; settings = {ATTRIBUTES = (Weak, ); }; };
		35F246486CA340B5BB9AAE37 /* libresolv.tbd in Frameworks */ = {isa = PBXBuildFile; fileRef = A9D710016B924DBB9263F2BB /* libresolv.tbd */; settings = {ATTRIBUTES = (Weak, ); }; };
/* End PBXBuildFile section */

/* Begin PBXContainerItemProxy section */
		301BF534109A57CC0062928A /* PBXContainerItemProxy */ = {
			isa = PBXContainerItemProxy;
			containerPortal = 301BF52D109A57CC0062928A /* CordovaLib.xcodeproj */;
			proxyType = 2;
			remoteGlobalIDString = D2AAC07E0554694100DB518D;
			remoteInfo = CordovaLib;
		};
		301BF550109A68C00062928A /* PBXContainerItemProxy */ = {
			isa = PBXContainerItemProxy;
			containerPortal = 301BF52D109A57CC0062928A /* CordovaLib.xcodeproj */;
			proxyType = 1;
			remoteGlobalIDString = D2AAC07D0554694100DB518D;
			remoteInfo = CordovaLib;
		};
/* End PBXContainerItemProxy section */

/* Begin PBXFileReference section */
		0207DA571B56EA530066E2B4 /* Images.xcassets */ = {isa = PBXFileReference; lastKnownFileType = folder.assetcatalog; name = Images.xcassets; path = "HelloCordova/Images.xcassets"; sourceTree = SOURCE_ROOT; };
		1D3623240D0F684500981E51 /* AppDelegate.h */ = {isa = PBXFileReference; fileEncoding = 4; lastKnownFileType = sourcecode.c.h; path = AppDelegate.h; sourceTree = "<group>"; };
		1D3623250D0F684500981E51 /* AppDelegate.m */ = {isa = PBXFileReference; fileEncoding = 4; lastKnownFileType = sourcecode.c.objc; path = AppDelegate.m; sourceTree = "<group>"; };
		1D6058910D05DD3D006BFB54 /* HelloCordova.app */ = {isa = PBXFileReference; explicitFileType = wrapper.application; includeInIndex = 0; path = "HelloCordova.app"; sourceTree = BUILT_PRODUCTS_DIR; };
		29B97316FDCFA39411CA2CEA /* main.m */ = {isa = PBXFileReference; fileEncoding = 4; lastKnownFileType = sourcecode.c.objc; path = main.m; sourceTree = "<group>"; };
		301BF52D109A57CC0062928A /* CordovaLib.xcodeproj */ = {isa = PBXFileReference; lastKnownFileType = "wrapper.pb-project"; path = CordovaLib/CordovaLib.xcodeproj; sourceTree = "<group>"; };
		301BF56E109A69640062928A /* www */ = {isa = PBXFileReference; lastKnownFileType = folder; path = www; sourceTree = SOURCE_ROOT; };
		302D95EE14D2391D003F00A1 /* MainViewController.h */ = {isa = PBXFileReference; fileEncoding = 4; lastKnownFileType = sourcecode.c.h; path = MainViewController.h; sourceTree = "<group>"; };
		302D95EF14D2391D003F00A1 /* MainViewController.m */ = {isa = PBXFileReference; fileEncoding = 4; lastKnownFileType = sourcecode.c.objc; path = MainViewController.m; sourceTree = "<group>"; };
		302D95F014D2391D003F00A1 /* MainViewController.xib */ = {isa = PBXFileReference; fileEncoding = 4; lastKnownFileType = file.xib; path = MainViewController.xib; sourceTree = "<group>"; };
		3047A50F1AB8059700498E2A /* build-debug.xcconfig */ = {isa = PBXFileReference; fileEncoding = 4; lastKnownFileType = text.xcconfig; name = "build-debug.xcconfig"; path = cordova/build-debug.xcconfig; sourceTree = SOURCE_ROOT; };
		3047A5101AB8059700498E2A /* build-release.xcconfig */ = {isa = PBXFileReference; fileEncoding = 4; lastKnownFileType = text.xcconfig; name = "build-release.xcconfig"; path = cordova/build-release.xcconfig; sourceTree = SOURCE_ROOT; };
		3047A5111AB8059700498E2A /* build.xcconfig */ = {isa = PBXFileReference; fileEncoding = 4; lastKnownFileType = text.xcconfig; name = build.xcconfig; path = cordova/build.xcconfig; sourceTree = SOURCE_ROOT; };
		32CA4F630368D1EE00C91783 /* HelloCordova-Prefix.pch */ = {isa = PBXFileReference; fileEncoding = 4; lastKnownFileType = sourcecode.c.h; path = "HelloCordova-Prefix.pch"; sourceTree = "<group>"; };
		6AFF5BF81D6E424B00AB3073 /* CDVLaunchScreen.storyboard */ = {isa = PBXFileReference; fileEncoding = 4; lastKnownFileType = file.storyboard; name = CDVLaunchScreen.storyboard; path = "HelloCordova/CDVLaunchScreen.storyboard"; sourceTree = SOURCE_ROOT; };
		8D1107310486CEB800E47090 /* HelloCordova-Info.plist */ = {isa = PBXFileReference; fileEncoding = 4; lastKnownFileType = text.plist.xml; name = "HelloCordova-Info.plist"; path = "HelloCordova/HelloCordova-Info.plist"; plistStructureDefinitionIdentifier = "com.apple.xcode.plist.structure-definition.iphone.info-plist"; sourceTree = SOURCE_ROOT; };
		EB87FDF31871DA8E0020F90C /* www */ = {isa = PBXFileReference; lastKnownFileType = folder; name = www; path = ../../www; sourceTree = "<group>"; };
		EB87FDF41871DAF40020F90C /* config.xml */ = {isa = PBXFileReference; lastKnownFileType = text.xml; name = config.xml; path = ../../config.xml; sourceTree = "<group>"; };
		F840E1F0165FE0F500CFE078 /* config.xml */ = {isa = PBXFileReference; lastKnownFileType = text.xml; name = config.xml; path = "HelloCordova/config.xml"; sourceTree = "<group>"; };
		ED33DF2A687741AEAF9F8254 /* Bridging-Header.h */ = {isa = PBXFileReference; fileEncoding = 4; lastKnownFileType = sourcecode.c.h; name = "Bridging-Header.h"; path = "Bridging-Header.h"; sourceTree = "<group>"; };
		BC1151A80BDB48169B27C060 /* CDVDevice.m */ = {isa = PBXFileReference; name = "CDVDevice.m"; path = "cordova-plugin-device/CDVDevice.m"; sourceTree = "<group>"; fileEncoding = 4; lastKnownFileType = sourcecode.c.objc; explicitFileType = undefined; includeInIndex = 0; };
		16C84C5F2FD8487AB62932DE /* CDVDevice.h */ = {isa = PBXFileReference; name = "CDVDevice.h"; path = "cordova-plugin-device/CDVDevice.h"; sourceTree = "<group>"; fileEncoding = 4; lastKnownFileType = sourcecode.c.h; explicitFileType = undefined; includeInIndex = 0; };
		634D0E1D19B344DEBEDD1361 /* libz.tbd */ = {isa = PBXFileReference; name = "libz.tbd"; path = "usr/lib/libz.tbd"; sourceTree = SDKROOT; fileEncoding = undefined; lastKnownFileType = sourcecode.text-based-dylib-definition; explicitFileType = undefined; includeInIndex = 0; };
		8B08820D25814DF39CEE65D6 /* APPBackgroundMode.m */ = {isa = PBXFileReference; name = "APPBackgroundMode.m"; path = "cordova-plugin-background-mode/APPBackgroundMode.m"; sourceTree = "<group>"; fileEncoding = 4; lastKnownFileType = sourcecode.c.objc; explicitFileType = undefined; includeInIndex = 0; };
		0057D13792F8444ABBBFE12C /* APPMethodMagic.m */ = {isa = PBXFileReference; name = "APPMethodMagic.m"; path = "cordova-plugin-background-mode/APPMethodMagic.m"; sourceTree = "<group>"; fileEncoding = 4; lastKnownFileType = sourcecode.c.objc; explicitFileType = undefined; includeInIndex = 0; };
		1A23C6BC5C454EBE9EF6E318 /* APPBackgroundMode.h */ = {isa = PBXFileReference; name = "APPBackgroundMode.h"; path = "cordova-plugin-background-mode/APPBackgroundMode.h"; sourceTree = "<group>"; fileEncoding = 4; lastKnownFileType = sourcecode.c.h; explicitFileType = undefined; includeInIndex = 0; };
		3F2E537C73A7471B987CBBB6 /* APPMethodMagic.h */ = {isa = PBXFileReference; name = "APPMethodMagic.h"; path = "cordova-plugin-background-mode/APPMethodMagic.h"; sourceTree = "<group>"; fileEncoding = 4; lastKnownFileType = sourcecode.c.h; explicitFileType = undefined; includeInIndex = 0; };
		10AD9D82577A4F7EA66380D3 /* appbeep.wav */ = {isa = PBXFileReference; name = "appbeep.wav"; path = "appbeep.wav"; sourceTree = "<group>"; fileEncoding = undefined; lastKnownFileType = unknown; explicitFileType = undefined; includeInIndex = 0; };
		A1DD554A81274FEDB700C5EC /* UIImage+CropScaleOrientation.m */ = {isa = PBXFileReference; name = "UIImage+CropScaleOrientation.m"; path = "cordova-plugin-camera/UIImage+CropScaleOrientation.m"; sourceTree = "<group>"; fileEncoding = 4; lastKnownFileType = sourcecode.c.objc; explicitFileType = undefined; includeInIndex = 0; };
		6CC0744F134A43D6BF0861C2 /* CDVCamera.m */ = {isa = PBXFileReference; name = "CDVCamera.m"; path = "cordova-plugin-camera/CDVCamera.m"; sourceTree = "<group>"; fileEncoding = 4; lastKnownFileType = sourcecode.c.objc; explicitFileType = undefined; includeInIndex = 0; };
		D3341B7095034105994016AA /* CDVJpegHeaderWriter.m */ = {isa = PBXFileReference; name = "CDVJpegHeaderWriter.m"; path = "cordova-plugin-camera/CDVJpegHeaderWriter.m"; sourceTree = "<group>"; fileEncoding = 4; lastKnownFileType = sourcecode.c.objc; explicitFileType = undefined; includeInIndex = 0; };
		725F67A9B2BF4F12B0427F13 /* UIImage+CropScaleOrientation.h */ = {isa = PBXFileReference; name = "UIImage+CropScaleOrientation.h"; path = "cordova-plugin-camera/UIImage+CropScaleOrientation.h"; sourceTree = "<group>"; fileEncoding = 4; lastKnownFileType = sourcecode.c.h; explicitFileType = undefined; includeInIndex = 0; };
		7FFE983AEB9C4AE1861C0A81 /* CDVCamera.h */ = {isa = PBXFileReference; name = "CDVCamera.h"; path = "cordova-plugin-camera/CDVCamera.h"; sourceTree = "<group>"; fileEncoding = 4; lastKnownFileType = sourcecode.c.h; explicitFileType = undefined; includeInIndex = 0; };
		5CDB952AD0EB4B9CA4F4FDFE /* CDVJpegHeaderWriter.h */ = {isa = PBXFileReference; name = "CDVJpegHeaderWriter.h"; path = "cordova-plugin-camera/CDVJpegHeaderWriter.h"; sourceTree = "<group>"; fileEncoding = 4; lastKnownFileType = sourcecode.c.h; explicitFileType = undefined; includeInIndex = 0; };
		D8F883762DFD4189A5FF841D /* CDVExif.h */ = {isa = PBXFileReference; name = "CDVExif.h"; path = "cordova-plugin-camera/CDVExif.h"; sourceTree = "<group>"; fileEncoding = 4; lastKnownFileType = sourcecode.c.h; explicitFileType = undefined; includeInIndex = 0; };
		5A63C1388BBA40D2B22E30E1 /* ImageIO.framework */ = {isa = PBXFileReference; name = "ImageIO.framework"; path = "System/Library/Frameworks/ImageIO.framework"; sourceTree = SDKROOT; fileEncoding = undefined; lastKnownFileType = wrapper.framework; explicitFileType = undefined; includeInIndex = 0; };
		0F87DA2954824801B9D472BB /* CoreLocation.framework */ = {isa = PBXFileReference; name = "CoreLocation.framework"; path = "System/Library/Frameworks/CoreLocation.framework"; sourceTree = SDKROOT; fileEncoding = undefined; lastKnownFileType = wrapper.framework; explicitFileType = undefined; includeInIndex = 0; };
		0C7DEC2347D741AA80FF5786 /* AVFoundation.framework */ = {isa = PBXFileReference; name = "AVFoundation.framework"; path = "System/Library/Frameworks/AVFoundation.framework"; sourceTree = SDKROOT; fileEncoding = undefined; lastKnownFileType = wrapper.framework; explicitFileType = undefined; includeInIndex = 0; };
		12A1C7D1B26C4F0AB83FBC96 /* CDVSplashScreen.m */ = {isa = PBXFileReference; name = "CDVSplashScreen.m"; path = "cordova-plugin-splashscreen/CDVSplashScreen.m"; sourceTree = "<group>"; fileEncoding = 4; lastKnownFileType = sourcecode.c.objc; explicitFileType = undefined; includeInIndex = 0; };
		741E40E446164769A0ED1492 /* CDVViewController+SplashScreen.m */ = {isa = PBXFileReference; name = "CDVViewController+SplashScreen.m"; path = "cordova-plugin-splashscreen/CDVViewController+SplashScreen.m"; sourceTree = "<group>"; fileEncoding = 4; lastKnownFileType = sourcecode.c.objc; explicitFileType = undefined; includeInIndex = 0; };
		137FE77BB0014752BB68DD78 /* CDVSplashScreen.h */ = {isa = PBXFileReference; name = "CDVSplashScreen.h"; path = "cordova-plugin-splashscreen/CDVSplashScreen.h"; sourceTree = "<group>"; fileEncoding = 4; lastKnownFileType = sourcecode.c.h; explicitFileType = undefined; includeInIndex = 0; };
		29E4CBF8C0E047C58037F359 /* CDVViewController+SplashScreen.h */ = {isa = PBXFileReference; name = "CDVViewController+SplashScreen.h"; path = "cordova-plugin-splashscreen/CDVViewController+SplashScreen.h"; sourceTree = "<group>"; fileEncoding = 4; lastKnownFileType = sourcecode.c.h; explicitFileType = undefined; includeInIndex = 0; };
		6B31CB42CC484507B62D7D17 /* CDVStatusBar.m */ = {isa = PBXFileReference; name = "CDVStatusBar.m"; path = "cordova-plugin-statusbar/CDVStatusBar.m"; sourceTree = "<group>"; fileEncoding = 4; lastKnownFileType = sourcecode.c.objc; explicitFileType = undefined; includeInIndex = 0; };
		3C71BCE63AAF4919A61643F8 /* CDVStatusBar.h */ = {isa = PBXFileReference; name = "CDVStatusBar.h"; path = "cordova-plugin-statusbar/CDVStatusBar.h"; sourceTree = "<group>"; fileEncoding = 4; lastKnownFileType = sourcecode.c.h; explicitFileType = undefined; includeInIndex = 0; };
		B6213FA7F5B54EF194B18E71 /* SQLitePlugin.m */ = {isa = PBXFileReference; name = "SQLitePlugin.m"; path = "cordova-sqlite-storage/SQLitePlugin.m"; sourceTree = "<group>"; fileEncoding = 4; lastKnownFileType = sourcecode.c.objc; explicitFileType = undefined; includeInIndex = 0; };
		FDA124FDE30F419792C120D3 /* PSPDFThreadSafeMutableDictionary.m */ = {isa = PBXFileReference; name = "PSPDFThreadSafeMutableDictionary.m"; path = "cordova-sqlite-storage/PSPDFThreadSafeMutableDictionary.m"; sourceTree = "<group>"; fileEncoding = 4; lastKnownFileType = sourcecode.c.objc; explicitFileType = undefined; includeInIndex = 0; };
		C54F0442ABC64C3BAB51330D /* sqlite3.c */ = {isa = PBXFileReference; name = "sqlite3.c"; path = "cordova-sqlite-storage/sqlite3.c"; sourceTree = "<group>"; fileEncoding = undefined; lastKnownFileType = unknown; explicitFileType = undefined; includeInIndex = 0; };
		EA1252310CF443EEBED604EB /* SQLitePlugin.h */ = {isa = PBXFileReference; name = "SQLitePlugin.h"; path = "cordova-sqlite-storage/SQLitePlugin.h"; sourceTree = "<group>"; fileEncoding = 4; lastKnownFileType = sourcecode.c.h; explicitFileType = undefined; includeInIndex = 0; };
		B872736A0EB64F6389031387 /* PSPDFThreadSafeMutableDictionary.h */ = {isa = PBXFileReference; name = "PSPDFThreadSafeMutableDictionary.h"; path = "cordova-sqlite-storage/PSPDFThreadSafeMutableDictionary.h"; sourceTree = "<group>"; fileEncoding = 4; lastKnownFileType = sourcecode.c.h; explicitFileType = undefined; includeInIndex = 0; };
		2AC90CA2ABC14BE9B1D4F442 /* sqlite3.h */ = {isa = PBXFileReference; name = "sqlite3.h"; path = "cordova-sqlite-storage/sqlite3.h"; sourceTree = "<group>"; fileEncoding = 4; lastKnownFileType = sourcecode.c.h; explicitFileType = undefined; includeInIndex = 0; };
		DDC3EC124FAB4574B5097AA7 /* CDVBarcodeScanner.mm */ = {isa = PBXFileReference; name = "CDVBarcodeScanner.mm"; path = "phonegap-plugin-barcodescanner/CDVBarcodeScanner.mm"; sourceTree = "<group>"; fileEncoding = undefined; lastKnownFileType = unknown; explicitFileType = undefined; includeInIndex = 0; };
		3B5956F638C646A09A998E5F /* zxing-all-in-one.cpp */ = {isa = PBXFileReference; name = "zxing-all-in-one.cpp"; path = "phonegap-plugin-barcodescanner/zxing-all-in-one.cpp"; sourceTree = "<group>"; fileEncoding = undefined; lastKnownFileType = unknown; explicitFileType = undefined; includeInIndex = 0; };
		C9C5FD3AFE6D464BA8A43B76 /* zxing-all-in-one.h */ = {isa = PBXFileReference; name = "zxing-all-in-one.h"; path = "phonegap-plugin-barcodescanner/zxing-all-in-one.h"; sourceTree = "<group>"; fileEncoding = 4; lastKnownFileType = sourcecode.c.h; explicitFileType = undefined; includeInIndex = 0; };
		A91521AE38B444CF8769FF15 /* scannerOverlay.xib */ = {isa = PBXFileReference; name = "scannerOverlay.xib"; path = "scannerOverlay.xib"; sourceTree = "<group>"; fileEncoding = undefined; lastKnownFileType = file.xib; explicitFileType = undefined; includeInIndex = 0; };
		B20B69D158134BD2A6B3D81A /* CDVBarcodeScanner.bundle */ = {isa = PBXFileReference; name = "CDVBarcodeScanner.bundle"; path = "CDVBarcodeScanner.bundle"; sourceTree = "<group>"; fileEncoding = undefined; lastKnownFileType = wrapper.plug-in; explicitFileType = undefined; includeInIndex = 0; };
		BE47502FB7394FAE94BE4A37 /* libiconv.dylib */ = {isa = PBXFileReference; name = "libiconv.dylib"; path = "usr/lib/libiconv.dylib"; sourceTree = SDKROOT; fileEncoding = undefined; lastKnownFileType = compiled.mach-o.dylib; explicitFileType = undefined; includeInIndex = 0; };
		563F3BF4DEAA46638C98FAB7 /* CoreVideo.framework */ = {isa = PBXFileReference; name = "CoreVideo.framework"; path = "System/Library/Frameworks/CoreVideo.framework"; sourceTree = SDKROOT; fileEncoding = undefined; lastKnownFileType = wrapper.framework; explicitFileType = undefined; includeInIndex = 0; };
		8771F8E15AF14B7899CC457A /* QuartzCore.framework */ = {isa = PBXFileReference; name = "QuartzCore.framework"; path = "System/Library/Frameworks/QuartzCore.framework"; sourceTree = SDKROOT; fileEncoding = undefined; lastKnownFileType = wrapper.framework; explicitFileType = undefined; includeInIndex = 0; };
		B0F36915336F417CBE8CE9C6 /* CoreImage.framework */ = {isa = PBXFileReference; name = "CoreImage.framework"; path = "System/Library/Frameworks/CoreImage.framework"; sourceTree = SDKROOT; fileEncoding = undefined; lastKnownFileType = wrapper.framework; explicitFileType = undefined; includeInIndex = 0; };
		A56D2C2D32E24990A748871C /* AudioToolbox.framework */ = {isa = PBXFileReference; name = "AudioToolbox.framework"; path = "System/Library/Frameworks/AudioToolbox.framework"; sourceTree = SDKROOT; fileEncoding = undefined; lastKnownFileType = wrapper.framework; explicitFileType = undefined; includeInIndex = 0; };
		A0C668AD1B864C45AEC75EAD /* IonicKeyboard.m */ = {isa = PBXFileReference; name = "IonicKeyboard.m"; path = "ionic-plugin-keyboard/IonicKeyboard.m"; sourceTree = "<group>"; fileEncoding = 4; lastKnownFileType = sourcecode.c.objc; explicitFileType = undefined; includeInIndex = 0; };
		C0AC493EBEAF4C9FA9E30E7D /* IonicKeyboard.h */ = {isa = PBXFileReference; name = "IonicKeyboard.h"; path = "ionic-plugin-keyboard/IonicKeyboard.h"; sourceTree = "<group>"; fileEncoding = 4; lastKnownFileType = sourcecode.c.h; explicitFileType = undefined; includeInIndex = 0; };
		B86A623740B748B59C5E246F /* alipay.m */ = {isa = PBXFileReference; name = "alipay.m"; path = "cordova-plugin-alipay-v2/alipay.m"; sourceTree = "<group>"; fileEncoding = 4; lastKnownFileType = sourcecode.c.objc; explicitFileType = undefined; includeInIndex = 0; };
		26651371651E4DD48B5E6CDB /* AlipaySDK.bundle */ = {isa = PBXFileReference; name = "AlipaySDK.bundle"; path = "AlipaySDK.bundle"; sourceTree = "<group>"; fileEncoding = undefined; lastKnownFileType = wrapper.plug-in; explicitFileType = undefined; includeInIndex = 0; };
		CED181CF2AB6467FA05591AE /* CoreTelephony.framework */ = {isa = PBXFileReference; name = "CoreTelephony.framework"; path = "System/Library/Frameworks/CoreTelephony.framework"; sourceTree = SDKROOT; fileEncoding = undefined; lastKnownFileType = wrapper.framework; explicitFileType = undefined; includeInIndex = 0; };
		239FB544968A451398DAE12F /* SystemConfiguration.framework */ = {isa = PBXFileReference; name = "SystemConfiguration.framework"; path = "System/Library/Frameworks/SystemConfiguration.framework"; sourceTree = SDKROOT; fileEncoding = undefined; lastKnownFileType = wrapper.framework; explicitFileType = undefined; includeInIndex = 0; };
		CD3045C7C864406D866AC3C2 /* CoreMotion.framework */ = {isa = PBXFileReference; name = "CoreMotion.framework"; path = "System/Library/Frameworks/CoreMotion.framework"; sourceTree = SDKROOT; fileEncoding = undefined; lastKnownFileType = wrapper.framework; explicitFileType = undefined; includeInIndex = 0; };
		A907CCD2837B4BFD9FF2DA0E /* CFNetwork.framework */ = {isa = PBXFileReference; name = "CFNetwork.framework"; path = "System/Library/Frameworks/CFNetwork.framework"; sourceTree = SDKROOT; fileEncoding = undefined; lastKnownFileType = wrapper.framework; explicitFileType = undefined; includeInIndex = 0; };
		3E1F477C35D24878A9CA6D9E /* libc++.tbd */ = {isa = PBXFileReference; name = "libc++.tbd"; path = "usr/lib/libc++.tbd"; sourceTree = SDKROOT; fileEncoding = undefined; lastKnownFileType = sourcecode.text-based-dylib-definition; explicitFileType = undefined; includeInIndex = 0; };
		809D20AC918747FAB34CC9C1 /* CoreText.framework */ = {isa = PBXFileReference; name = "CoreText.framework"; path = "System/Library/Frameworks/CoreText.framework"; sourceTree = SDKROOT; fileEncoding = undefined; lastKnownFileType = wrapper.framework; explicitFileType = undefined; includeInIndex = 0; };
		2AD4D820321342998D89BBB4 /* UIKit.framework */ = {isa = PBXFileReference; name = "UIKit.framework"; path = "System/Library/Frameworks/UIKit.framework"; sourceTree = SDKROOT; fileEncoding = undefined; lastKnownFileType = wrapper.framework; explicitFileType = undefined; includeInIndex = 0; };
		EE63DDC3993240EBBA00195D /* Foundation.framework */ = {isa = PBXFileReference; name = "Foundation.framework"; path = "System/Library/Frameworks/Foundation.framework"; sourceTree = SDKROOT; fileEncoding = undefined; lastKnownFileType = wrapper.framework; explicitFileType = undefined; includeInIndex = 0; };
		CAAE20F1F48F417F80EBB356 /* AlipaySDK.framework */ = {isa = PBXFileReference; name = "AlipaySDK.framework"; path = "HelloCordova/Plugins/cordova-plugin-alipay-v2/AlipaySDK.framework"; sourceTree = "<group>"; fileEncoding = undefined; lastKnownFileType = wrapper.framework; explicitFileType = undefined; includeInIndex = 0; };
		E0514F6611C94955B40B90E2 /* jcore-ios-1.1.6.a */ = {isa = PBXFileReference; name = "jcore-ios-1.1.6.a"; path = "HelloCordova/Plugins/cordova-plugin-jcore/jcore-ios-1.1.6.a"; sourceTree = "<group>"; fileEncoding = undefined; lastKnownFileType = archive.ar; explicitFileType = undefined; includeInIndex = 0; };
		08181C99BD024470AA9B17C9 /* JPushPlugin.m */ = {isa = PBXFileReference; name = "JPushPlugin.m"; path = "jpush-phonegap-plugin/JPushPlugin.m"; sourceTree = "<group>"; fileEncoding = 4; lastKnownFileType = sourcecode.c.objc; explicitFileType = undefined; includeInIndex = 0; };
		AC046040850542C0B8046B19 /* AppDelegate+JPush.m */ = {isa = PBXFileReference; name = "AppDelegate+JPush.m"; path = "jpush-phonegap-plugin/AppDelegate+JPush.m"; sourceTree = "<group>"; fileEncoding = 4; lastKnownFileType = sourcecode.c.objc; explicitFileType = undefined; includeInIndex = 0; };
		5E4D660075904F2CB502894B /* jpush-ios-3.0.7.a */ = {isa = PBXFileReference; name = "jpush-ios-3.0.7.a"; path = "HelloCordova/Plugins/jpush-phonegap-plugin/jpush-ios-3.0.7.a"; sourceTree = "<group>"; fileEncoding = undefined; lastKnownFileType = archive.ar; explicitFileType = undefined; includeInIndex = 0; };
		DEFDAD769CC54846B9E6DDF3 /* JPushDefine.h */ = {isa = PBXFileReference; name = "JPushDefine.h"; path = "jpush-phonegap-plugin/JPushDefine.h"; sourceTree = "<group>"; fileEncoding = 4; lastKnownFileType = sourcecode.c.h; explicitFileType = undefined; includeInIndex = 0; };
		C7B61CF41318405F9929B032 /* JPushPlugin.h */ = {isa = PBXFileReference; name = "JPushPlugin.h"; path = "jpush-phonegap-plugin/JPushPlugin.h"; sourceTree = "<group>"; fileEncoding = 4; lastKnownFileType = sourcecode.c.h; explicitFileType = undefined; includeInIndex = 0; };
		35A5534A05E744C0B5FF202C /* AppDelegate+JPush.h */ = {isa = PBXFileReference; name = "AppDelegate+JPush.h"; path = "jpush-phonegap-plugin/AppDelegate+JPush.h"; sourceTree = "<group>"; fileEncoding = 4; lastKnownFileType = sourcecode.c.h; explicitFileType = undefined; includeInIndex = 0; };
		782CD9B46D6C43F5834CCC10 /* JPUSHService.h */ = {isa = PBXFileReference; name = "JPUSHService.h"; path = "jpush-phonegap-plugin/JPUSHService.h"; sourceTree = "<group>"; fileEncoding = 4; lastKnownFileType = sourcecode.c.h; explicitFileType = undefined; includeInIndex = 0; };
		43EB84EBF1C64E708892DB2E /* JPushConfig.plist */ = {isa = PBXFileReference; name = "JPushConfig.plist"; path = "JPushConfig.plist"; sourceTree = "<group>"; fileEncoding = 4; lastKnownFileType = text.plist.xml; explicitFileType = undefined; includeInIndex = 0; };
		4DD80BE2600F4E99A7E414C2 /* CoreFoundation.framework */ = {isa = PBXFileReference; name = "CoreFoundation.framework"; path = "System/Library/Frameworks/CoreFoundation.framework"; sourceTree = SDKROOT; fileEncoding = undefined; lastKnownFileType = wrapper.framework; explicitFileType = undefined; includeInIndex = 0; };
		64FDC2C2900243F4A70A3390 /* Security.framework */ = {isa = PBXFileReference; name = "Security.framework"; path = "System/Library/Frameworks/Security.framework"; sourceTree = SDKROOT; fileEncoding = undefined; lastKnownFileType = wrapper.framework; explicitFileType = undefined; includeInIndex = 0; };
		24B4DF3131AB4FF79B103A4F /* AdSupport.framework */ = {isa = PBXFileReference; name = "AdSupport.framework"; path = "System/Library/Frameworks/AdSupport.framework"; sourceTree = SDKROOT; fileEncoding = undefined; lastKnownFileType = wrapper.framework; explicitFileType = undefined; includeInIndex = 0; };
		1B146B91975D480A8519354A /* UserNotifications.framework */ = {isa = PBXFileReference; name = "UserNotifications.framework"; path = "System/Library/Frameworks/UserNotifications.framework"; sourceTree = SDKROOT; fileEncoding = undefined; lastKnownFileType = wrapper.framework; explicitFileType = undefined; includeInIndex = 0; };
		A9D710016B924DBB9263F2BB /* libresolv.tbd */ = {isa = PBXFileReference; name = "libresolv.tbd"; path = "usr/lib/libresolv.tbd"; sourceTree = SDKROOT; fileEncoding = undefined; lastKnownFileType = sourcecode.text-based-dylib-definition; explicitFileType = undefined; includeInIndex = 0; };
/* End PBXFileReference section */

/* Begin PBXFrameworksBuildPhase section */
		1D60588F0D05DD3D006BFB54 /* Frameworks */ = {
			isa = PBXFrameworksBuildPhase;
			buildActionMask = 2147483647;
			files = (
				301BF552109A68D80062928A /* libCordova.a in Frameworks */,
				B578EFA9DB6F4102955968CF /* libz.tbd in Frameworks */,
				5E5DECFC7D1B4959A23A1E82 /* ImageIO.framework in Frameworks */,
				773E03D936884A649FF88727 /* CoreLocation.framework in Frameworks */,
				692B5B0D94C2402C8E57E598 /* AVFoundation.framework in Frameworks */,
				8479413814A54C68B8FD258B /* libiconv.dylib in Frameworks */,
				1775C55DDC294FF2A778F925 /* CoreVideo.framework in Frameworks */,
				1527568C61934AE788413D4A /* QuartzCore.framework in Frameworks */,
				4D418E99CEDD45B1908D1462 /* CoreImage.framework in Frameworks */,
				0FCD6FF1A8AB4B048E49B133 /* AudioToolbox.framework in Frameworks */,
				97831E0474B44BF1BCD6F390 /* CoreTelephony.framework in Frameworks */,
				3CA4F3918C274169B47CFCEB /* SystemConfiguration.framework in Frameworks */,
				40D511E1A10F4C3F87E0CEA7 /* CoreMotion.framework in Frameworks */,
				AB59B924B5CF41E9929970C6 /* CFNetwork.framework in Frameworks */,
				0B81B349163D4FE0BACF9229 /* libc++.tbd in Frameworks */,
				FB6538280A214BE3948DE712 /* CoreText.framework in Frameworks */,
				A84404CE65D84FF59D8709C5 /* UIKit.framework in Frameworks */,
				8D228C5EDF744C1A9CB79880 /* Foundation.framework in Frameworks */,
				997E9AEC10AA4B03BDD1761A /* AlipaySDK.framework in Frameworks */,
				9AC270D165C14A76B49448ED /* jcore-ios-1.1.6.a in Frameworks */,
				8326C75CD2FC4AD29F17D501 /* jpush-ios-3.0.7.a in Frameworks */,
				D6AAADA4DDEA4DBBB72EF289 /* CoreFoundation.framework in Frameworks */,
				30ABC1EF6203478D84694565 /* Security.framework in Frameworks */,
				670F90DE5B694CC78DA7F008 /* AdSupport.framework in Frameworks */,
				8163ED66BB384FC18D948298 /* UserNotifications.framework in Frameworks */,
				35F246486CA340B5BB9AAE37 /* libresolv.tbd in Frameworks */,
			);
			runOnlyForDeploymentPostprocessing = 0;
		};
/* End PBXFrameworksBuildPhase section */

/* Begin PBXGroup section */
		080E96DDFE201D6D7F000001 /* Classes */ = {
			isa = PBXGroup;
			children = (
				302D95EE14D2391D003F00A1 /* MainViewController.h */,
				302D95EF14D2391D003F00A1 /* MainViewController.m */,
				302D95F014D2391D003F00A1 /* MainViewController.xib */,
				1D3623240D0F684500981E51 /* AppDelegate.h */,
				1D3623250D0F684500981E51 /* AppDelegate.m */,
			);
			name = Classes;
			path = "HelloCordova/Classes";
			sourceTree = SOURCE_ROOT;
		};
		19C28FACFE9D520D11CA2CBB /* Products */ = {
			isa = PBXGroup;
			children = (
				1D6058910D05DD3D006BFB54 /* HelloCordova.app */,
			);
			name = Products;
			sourceTree = "<group>";
		};
		29B97314FDCFA39411CA2CEA /* CustomTemplate */ = {
			isa = PBXGroup;
			children = (
				EB87FDF41871DAF40020F90C /* config.xml */,
				EB87FDF31871DA8E0020F90C /* www */,
				EB87FDF11871DA420020F90C /* Staging */,
				301BF52D109A57CC0062928A /* CordovaLib.xcodeproj */,
				080E96DDFE201D6D7F000001 /* Classes */,
				307C750510C5A3420062BCA9 /* Plugins */,
				29B97315FDCFA39411CA2CEA /* Other Sources */,
				29B97317FDCFA39411CA2CEA /* Resources */,
				29B97323FDCFA39411CA2CEA /* Frameworks */,
				19C28FACFE9D520D11CA2CBB /* Products */,
			);
			name = CustomTemplate;
			sourceTree = "<group>";
		};
		29B97315FDCFA39411CA2CEA /* Other Sources */ = {
			isa = PBXGroup;
			children = (
				32CA4F630368D1EE00C91783 /* HelloCordova-Prefix.pch */,
				29B97316FDCFA39411CA2CEA /* main.m */,
				ED33DF2A687741AEAF9F8254 /* Bridging-Header.h */,
			);
			name = "Other Sources";
			path = "HelloCordova";
			sourceTree = "<group>";
		};
		29B97317FDCFA39411CA2CEA /* Resources */ = {
			isa = PBXGroup;
			children = (
				0207DA571B56EA530066E2B4 /* Images.xcassets */,
				3047A50E1AB8057F00498E2A /* config */,
				8D1107310486CEB800E47090 /* HelloCordova-Info.plist */,
				6AFF5BF81D6E424B00AB3073 /* CDVLaunchScreen.storyboard */,
				10AD9D82577A4F7EA66380D3 /* appbeep.wav */,
				A91521AE38B444CF8769FF15 /* scannerOverlay.xib */,
				B20B69D158134BD2A6B3D81A /* CDVBarcodeScanner.bundle */,
				26651371651E4DD48B5E6CDB /* AlipaySDK.bundle */,
				43EB84EBF1C64E708892DB2E /* JPushConfig.plist */,
			);
			name = Resources;
			path = "HelloCordova/Resources";
			sourceTree = "<group>";
		};
		29B97323FDCFA39411CA2CEA /* Frameworks */ = {
			isa = PBXGroup;
			children = (
				634D0E1D19B344DEBEDD1361 /* libz.tbd */,
				5A63C1388BBA40D2B22E30E1 /* ImageIO.framework */,
				0F87DA2954824801B9D472BB /* CoreLocation.framework */,
				0C7DEC2347D741AA80FF5786 /* AVFoundation.framework */,
				BE47502FB7394FAE94BE4A37 /* libiconv.dylib */,
				563F3BF4DEAA46638C98FAB7 /* CoreVideo.framework */,
				8771F8E15AF14B7899CC457A /* QuartzCore.framework */,
				B0F36915336F417CBE8CE9C6 /* CoreImage.framework */,
				A56D2C2D32E24990A748871C /* AudioToolbox.framework */,
				CED181CF2AB6467FA05591AE /* CoreTelephony.framework */,
				239FB544968A451398DAE12F /* SystemConfiguration.framework */,
				CD3045C7C864406D866AC3C2 /* CoreMotion.framework */,
				A907CCD2837B4BFD9FF2DA0E /* CFNetwork.framework */,
				3E1F477C35D24878A9CA6D9E /* libc++.tbd */,
				809D20AC918747FAB34CC9C1 /* CoreText.framework */,
				2AD4D820321342998D89BBB4 /* UIKit.framework */,
				EE63DDC3993240EBBA00195D /* Foundation.framework */,
				CAAE20F1F48F417F80EBB356 /* AlipaySDK.framework */,
				E0514F6611C94955B40B90E2 /* jcore-ios-1.1.6.a */,
				5E4D660075904F2CB502894B /* jpush-ios-3.0.7.a */,
				4DD80BE2600F4E99A7E414C2 /* CoreFoundation.framework */,
				64FDC2C2900243F4A70A3390 /* Security.framework */,
				24B4DF3131AB4FF79B103A4F /* AdSupport.framework */,
				1B146B91975D480A8519354A /* UserNotifications.framework */,
				A9D710016B924DBB9263F2BB /* libresolv.tbd */,
			);
			name = Frameworks;
			sourceTree = "<group>";
		};
		301BF52E109A57CC0062928A /* Products */ = {
			isa = PBXGroup;
			children = (
				301BF535109A57CC0062928A /* libCordova.a */,
			);
			name = Products;
			sourceTree = "<group>";
		};
		3047A50E1AB8057F00498E2A /* config */ = {
			isa = PBXGroup;
			children = (
				3047A50F1AB8059700498E2A /* build-debug.xcconfig */,
				3047A5101AB8059700498E2A /* build-release.xcconfig */,
				3047A5111AB8059700498E2A /* build.xcconfig */,
			);
			name = config;
			sourceTree = "<group>";
		};
		307C750510C5A3420062BCA9 /* Plugins */ = {
			isa = PBXGroup;
			children = (
				BC1151A80BDB48169B27C060 /* CDVDevice.m */,
				16C84C5F2FD8487AB62932DE /* CDVDevice.h */,
				8B08820D25814DF39CEE65D6 /* APPBackgroundMode.m */,
				0057D13792F8444ABBBFE12C /* APPMethodMagic.m */,
				1A23C6BC5C454EBE9EF6E318 /* APPBackgroundMode.h */,
				3F2E537C73A7471B987CBBB6 /* APPMethodMagic.h */,
				A1DD554A81274FEDB700C5EC /* UIImage+CropScaleOrientation.m */,
				6CC0744F134A43D6BF0861C2 /* CDVCamera.m */,
				D3341B7095034105994016AA /* CDVJpegHeaderWriter.m */,
				725F67A9B2BF4F12B0427F13 /* UIImage+CropScaleOrientation.h */,
				7FFE983AEB9C4AE1861C0A81 /* CDVCamera.h */,
				5CDB952AD0EB4B9CA4F4FDFE /* CDVJpegHeaderWriter.h */,
				D8F883762DFD4189A5FF841D /* CDVExif.h */,
				12A1C7D1B26C4F0AB83FBC96 /* CDVSplashScreen.m */,
				741E40E446164769A0ED1492 /* CDVViewController+SplashScreen.m */,
				137FE77BB0014752BB68DD78 /* CDVSplashScreen.h */,
				29E4CBF8C0E047C58037F359 /* CDVViewController+SplashScreen.h */,
				6B31CB42CC484507B62D7D17 /* CDVStatusBar.m */,
				3C71BCE63AAF4919A61643F8 /* CDVStatusBar.h */,
				B6213FA7F5B54EF194B18E71 /* SQLitePlugin.m */,
				FDA124FDE30F419792C120D3 /* PSPDFThreadSafeMutableDictionary.m */,
				C54F0442ABC64C3BAB51330D /* sqlite3.c */,
				EA1252310CF443EEBED604EB /* SQLitePlugin.h */,
				B872736A0EB64F6389031387 /* PSPDFThreadSafeMutableDictionary.h */,
				2AC90CA2ABC14BE9B1D4F442 /* sqlite3.h */,
				DDC3EC124FAB4574B5097AA7 /* CDVBarcodeScanner.mm */,
				3B5956F638C646A09A998E5F /* zxing-all-in-one.cpp */,
				C9C5FD3AFE6D464BA8A43B76 /* zxing-all-in-one.h */,
				A0C668AD1B864C45AEC75EAD /* IonicKeyboard.m */,
				C0AC493EBEAF4C9FA9E30E7D /* IonicKeyboard.h */,
				B86A623740B748B59C5E246F /* alipay.m */,
				08181C99BD024470AA9B17C9 /* JPushPlugin.m */,
				AC046040850542C0B8046B19 /* AppDelegate+JPush.m */,
				DEFDAD769CC54846B9E6DDF3 /* JPushDefine.h */,
				C7B61CF41318405F9929B032 /* JPushPlugin.h */,
				35A5534A05E744C0B5FF202C /* AppDelegate+JPush.h */,
				782CD9B46D6C43F5834CCC10 /* JPUSHService.h */,
			);
			name = Plugins;
			path = "HelloCordova/Plugins";
			sourceTree = SOURCE_ROOT;
		};
		EB87FDF11871DA420020F90C /* Staging */ = {
			isa = PBXGroup;
			children = (
				F840E1F0165FE0F500CFE078 /* config.xml */,
				301BF56E109A69640062928A /* www */,
			);
			name = Staging;
			sourceTree = "<group>";
		};
/* End PBXGroup section */

/* Begin PBXNativeTarget section */
		1D6058900D05DD3D006BFB54 /* HelloCordova */ = {
			isa = PBXNativeTarget;
			buildConfigurationList = 1D6058960D05DD3E006BFB54 /* Build configuration list for PBXNativeTarget "HelloCordova" */;
			buildPhases = (
				304B58A110DAC018002A0835 /* Copy www directory */,
				1D60588D0D05DD3D006BFB54 /* Resources */,
				1D60588E0D05DD3D006BFB54 /* Sources */,
				1D60588F0D05DD3D006BFB54 /* Frameworks */,
			);
			buildRules = (
			);
			dependencies = (
				301BF551109A68C00062928A /* PBXTargetDependency */,
			);
			name = "HelloCordova";
			productName = "HelloCordova";
			productReference = 1D6058910D05DD3D006BFB54 /* HelloCordova.app */;
			productType = "com.apple.product-type.application";
		};
/* End PBXNativeTarget section */

/* Begin PBXProject section */
		29B97313FDCFA39411CA2CEA /* Project object */ = {
			isa = PBXProject;
			attributes = {
				LastUpgradeCheck = 510;
			};
			buildConfigurationList = C01FCF4E08A954540054247B /* Build configuration list for PBXProject "__NON-CLI__" */;
			compatibilityVersion = "Xcode 3.2";
			developmentRegion = English;
			hasScannedForEncodings = 1;
			mainGroup = 29B97314FDCFA39411CA2CEA /* CustomTemplate */;
			projectDirPath = "";
			projectReferences = (
				{
					ProductGroup = 301BF52E109A57CC0062928A /* Products */;
					ProjectRef = 301BF52D109A57CC0062928A /* CordovaLib.xcodeproj */;
				},
			);
			projectRoot = "";
			targets = (
				1D6058900D05DD3D006BFB54 /* HelloCordova */,
			);
		};
/* End PBXProject section */

/* Begin PBXReferenceProxy section */
		301BF535109A57CC0062928A /* libCordova.a */ = {
			isa = PBXReferenceProxy;
			fileType = archive.ar;
			path = libCordova.a;
			remoteRef = 301BF534109A57CC0062928A /* PBXContainerItemProxy */;
			sourceTree = BUILT_PRODUCTS_DIR;
		};
/* End PBXReferenceProxy section */

/* Begin PBXResourcesBuildPhase section */
		1D60588D0D05DD3D006BFB54 /* Resources */ = {
			isa = PBXResourcesBuildPhase;
			buildActionMask = 2147483647;
			files = (
				302D95F214D2391D003F00A1 /* MainViewController.xib in Resources */,
				0207DA581B56EA530066E2B4 /* Images.xcassets in Resources */,
				6AFF5BF91D6E424B00AB3073 /* CDVLaunchScreen.storyboard in Resources */,
				B89B6E4BFBDB40D6BED062D9 /* appbeep.wav in Resources */,
				E9DD337C1A904C20B70FAF38 /* scannerOverlay.xib in Resources */,
				2E8BFA5D306F4A8CAD142C0E /* CDVBarcodeScanner.bundle in Resources */,
				0B110DADE78B4EAFBB3E919F /* AlipaySDK.bundle in Resources */,
				3C274432284143FDAFCDA8FE /* JPushConfig.plist in Resources */,
			);
			runOnlyForDeploymentPostprocessing = 0;
		};
/* End PBXResourcesBuildPhase section */

/* Begin PBXShellScriptBuildPhase section */
		304B58A110DAC018002A0835 /* Copy www directory */ = {
			isa = PBXShellScriptBuildPhase;
			buildActionMask = 2147483647;
			files = (
			);
			inputPaths = (
			);
			name = "Copy www directory";
			outputPaths = (
			);
			runOnlyForDeploymentPostprocessing = 0;
			shellPath = /bin/sh;
			shellScript = "NODEJS_PATH=/usr/local/bin; NVM_NODE_PATH=~/.nvm/versions/node/`nvm version 2>/dev/null`/bin; N_NODE_PATH=`find /usr/local/n/versions/node/* -maxdepth 0 -type d 2>/dev/null | tail -1`/bin; XCODE_NODE_PATH=`xcode-select --print-path`/usr/share/xcs/Node/bin; PATH=$NODEJS_PATH:$NVM_NODE_PATH:$N_NODE_PATH:$XCODE_NODE_PATH:$PATH && node cordova/lib/copy-www-build-step.js";
			showEnvVarsInLog = 0;
		};
/* End PBXShellScriptBuildPhase section */

/* Begin PBXSourcesBuildPhase section */
		1D60588E0D05DD3D006BFB54 /* Sources */ = {
			isa = PBXSourcesBuildPhase;
			buildActionMask = 2147483647;
			files = (
				1D60589B0D05DD56006BFB54 /* main.m in Sources */,
				1D3623260D0F684500981E51 /* AppDelegate.m in Sources */,
				302D95F114D2391D003F00A1 /* MainViewController.m in Sources */,
				76A55E5D92504956A3724E05 /* CDVDevice.m in Sources */,
				BB93269006154261A6E7A751 /* APPBackgroundMode.m in Sources */,
				A5B8F2DEE12B4F5689A8A860 /* APPMethodMagic.m in Sources */,
				A04475E7D4FB44CB8E942D62 /* UIImage+CropScaleOrientation.m in Sources */,
				9A94D7D0CF62432AA60EC7A1 /* CDVCamera.m in Sources */,
				9A50364BB3DD480E8C9B53BF /* CDVJpegHeaderWriter.m in Sources */,
				70D7C4CBED1D4C9CB55C3E9E /* CDVSplashScreen.m in Sources */,
				45BB7E4F06E1491D85D484D6 /* CDVViewController+SplashScreen.m in Sources */,
				C6AAD8164FFF42C78821F5BF /* CDVStatusBar.m in Sources */,
				EE0FF43F9D6C4E2EBE129878 /* SQLitePlugin.m in Sources */,
				C76E436E5FEC40168CD87B0F /* PSPDFThreadSafeMutableDictionary.m in Sources */,
				5A9EA861559B43E49ECCADEE /* sqlite3.c in Resources */,
				A6EA5A1E4AAE4A898B1B3526 /* CDVBarcodeScanner.mm in Resources */,
				8C764B61948B462BA239BD62 /* zxing-all-in-one.cpp in Resources */,
				75B4F55B038947DABDED865A /* IonicKeyboard.m in Sources */,
				6E2CDE3FAFDF48B89C868EEC /* alipay.m in Sources */,
				D4C17F34B70742D59309A1BD /* JPushPlugin.m in Sources */,
				57A3A661E4794E17B6ABF44F /* AppDelegate+JPush.m in Sources */,
			);
			runOnlyForDeploymentPostprocessing = 0;
		};
/* End PBXSourcesBuildPhase section */

/* Begin PBXTargetDependency section */
		301BF551109A68C00062928A /* PBXTargetDependency */ = {
			isa = PBXTargetDependency;
			name = CordovaLib;
			targetProxy = 301BF550109A68C00062928A /* PBXContainerItemProxy */;
		};
/* End PBXTargetDependency section */

/* Begin XCBuildConfiguration section */
		1D6058940D05DD3E006BFB54 /* Debug */ = {
			isa = XCBuildConfiguration;
			baseConfigurationReference = 3047A50F1AB8059700498E2A /* build-debug.xcconfig */;
			buildSettings = {
				ALWAYS_SEARCH_USER_PATHS = NO;
				ASSETCATALOG_COMPILER_APPICON_NAME = AppIcon;
				ASSETCATALOG_COMPILER_LAUNCHIMAGE_NAME = LaunchImage;
				CLANG_ENABLE_MODULES = YES;
				CLANG_ENABLE_OBJC_ARC = YES;
				COPY_PHASE_STRIP = NO;
				GCC_DYNAMIC_NO_PIC = NO;
				GCC_OPTIMIZATION_LEVEL = 0;
				GCC_PRECOMPILE_PREFIX_HEADER = YES;
				GCC_PREFIX_HEADER = "HelloCordova/HelloCordova-Prefix.pch";
				GCC_THUMB_SUPPORT = NO;
				GCC_VERSION = "";
				INFOPLIST_FILE = "HelloCordova/HelloCordova-Info.plist";
				IPHONEOS_DEPLOYMENT_TARGET = 9.0;
				LD_RUNPATH_SEARCH_PATHS = "@executable_path/Frameworks";
				TARGETED_DEVICE_FAMILY = "1,2";
				PRODUCT_NAME = "HelloCordova";
				FRAMEWORK_SEARCH_PATHS = (
					"$(inherited)",
					"\"HelloCordova/Plugins/cordova-plugin-alipay-v2\"",
				);
				LIBRARY_SEARCH_PATHS = (
					"$(inherited)",
					"\"$(SRCROOT)/HelloCordova/Plugins/cordova-plugin-jcore\"",
					"\"$(SRCROOT)/HelloCordova/Plugins/jpush-phonegap-plugin\"",
				);
			};
			name = Debug;
		};
		1D6058950D05DD3E006BFB54 /* Release */ = {
			isa = XCBuildConfiguration;
			baseConfigurationReference = 3047A5101AB8059700498E2A /* build-release.xcconfig */;
			buildSettings = {
				ALWAYS_SEARCH_USER_PATHS = NO;
				ASSETCATALOG_COMPILER_APPICON_NAME = AppIcon;
				ASSETCATALOG_COMPILER_LAUNCHIMAGE_NAME = LaunchImage;
				CLANG_ENABLE_MODULES = YES;
				CLANG_ENABLE_OBJC_ARC = YES;
				COPY_PHASE_STRIP = YES;
				GCC_PRECOMPILE_PREFIX_HEADER = YES;
				GCC_PREFIX_HEADER = "HelloCordova/HelloCordova-Prefix.pch";
				GCC_THUMB_SUPPORT = NO;
				GCC_VERSION = "";
				INFOPLIST_FILE = "HelloCordova/HelloCordova-Info.plist";
				IPHONEOS_DEPLOYMENT_TARGET = 9.0;
				LD_RUNPATH_SEARCH_PATHS = "@executable_path/Frameworks";
				TARGETED_DEVICE_FAMILY = "1,2";
				PRODUCT_NAME = "HelloCordova";
				FRAMEWORK_SEARCH_PATHS = (
					"$(inherited)",
					"\"HelloCordova/Plugins/cordova-plugin-alipay-v2\"",
				);
				LIBRARY_SEARCH_PATHS = (
					"$(inherited)",
					"\"$(SRCROOT)/HelloCordova/Plugins/cordova-plugin-jcore\"",
					"\"$(SRCROOT)/HelloCordova/Plugins/jpush-phonegap-plugin\"",
				);
			};
			name = Release;
		};
		C01FCF4F08A954540054247B /* Debug */ = {
			isa = XCBuildConfiguration;
			baseConfigurationReference = 3047A5111AB8059700498E2A /* build.xcconfig */;
			buildSettings = {
				CLANG_ENABLE_MODULES = YES;
				CLANG_ENABLE_OBJC_ARC = YES;
				CLANG_WARN_BOOL_CONVERSION = YES;
				CLANG_WARN_CONSTANT_CONVERSION = YES;
				CLANG_WARN_EMPTY_BODY = YES;
				CLANG_WARN_ENUM_CONVERSION = YES;
				CLANG_WARN_INT_CONVERSION = YES;
				CLANG_WARN__DUPLICATE_METHOD_MATCH = YES;
				GCC_C_LANGUAGE_STANDARD = c99;
				GCC_THUMB_SUPPORT = NO;
				GCC_VERSION = "";
				GCC_WARN_ABOUT_RETURN_TYPE = YES;
				GCC_WARN_UNDECLARED_SELECTOR = YES;
				GCC_WARN_UNINITIALIZED_AUTOS = YES;
				GCC_WARN_UNUSED_FUNCTION = YES;
				GCC_WARN_UNUSED_VARIABLE = YES;
				ONLY_ACTIVE_ARCH = YES;
				SDKROOT = iphoneos;
				SKIP_INSTALL = NO;
			};
			name = Debug;
		};
		C01FCF5008A954540054247B /* Release */ = {
			isa = XCBuildConfiguration;
			baseConfigurationReference = 3047A5111AB8059700498E2A /* build.xcconfig */;
			buildSettings = {
				CLANG_ENABLE_MODULES = YES;
				CLANG_ENABLE_OBJC_ARC = YES;
				CLANG_WARN_BOOL_CONVERSION = YES;
				CLANG_WARN_CONSTANT_CONVERSION = YES;
				CLANG_WARN_EMPTY_BODY = YES;
				CLANG_WARN_ENUM_CONVERSION = YES;
				CLANG_WARN_INT_CONVERSION = YES;
				CLANG_WARN__DUPLICATE_METHOD_MATCH = YES;
				GCC_C_LANGUAGE_STANDARD = c99;
				GCC_THUMB_SUPPORT = NO;
				GCC_VERSION = "";
				GCC_WARN_ABOUT_RETURN_TYPE = YES;
				GCC_WARN_UNDECLARED_SELECTOR = YES;
				GCC_WARN_UNINITIALIZED_AUTOS = YES;
				GCC_WARN_UNUSED_FUNCTION = YES;
				GCC_WARN_UNUSED_VARIABLE = YES;
				SDKROOT = iphoneos;
				SKIP_INSTALL = NO;
			};
			name = Release;
		};
/* End XCBuildConfiguration section */

/* Begin XCConfigurationList section */
		1D6058960D05DD3E006BFB54 /* Build configuration list for PBXNativeTarget "HelloCordova" */ = {
			isa = XCConfigurationList;
			buildConfigurations = (
				1D6058940D05DD3E006BFB54 /* Debug */,
				1D6058950D05DD3E006BFB54 /* Release */,
			);
			defaultConfigurationIsVisible = 0;
			defaultConfigurationName = Release;
		};
		C01FCF4E08A954540054247B /* Build configuration list for PBXProject "__NON-CLI__" */ = {
			isa = XCConfigurationList;
			buildConfigurations = (
				C01FCF4F08A954540054247B /* Debug */,
				C01FCF5008A954540054247B /* Release */,
			);
			defaultConfigurationIsVisible = 0;
			defaultConfigurationName = Release;
		};
/* End XCConfigurationList section */
	};
	rootObject = 29B97313FDCFA39411CA2CEA /* Project object */;
}
